
Microsoft Visual Studio Solution File, Format Version 12.00
# Visual Studio Version 16
VisualStudioVersion = 16.0.28531.58
MinimumVisualStudioVersion = 10.0.40219.1
Project("{9A19103F-16F7-4668-BE54-9A1E7A4F7556}") = "LibCK2", "src\LibCK2\LibCK2.csproj", "{2155A878-905E-4D7C-AF10-8DA0A518DD33}"
EndProject
Global
	GlobalSection(SolutionConfigurationPlatforms) = preSolution
		Debug|Any CPU = Debug|Any CPU
		Release|Any CPU = Release|Any CPU
	EndGlobalSection
	GlobalSection(ProjectConfigurationPlatforms) = postSolution
		{2155A878-905E-4D7C-AF10-8DA0A518DD33}.Debug|Any CPU.ActiveCfg = Debug|Any CPU
		{2155A878-905E-4D7C-AF10-8DA0A518DD33}.Debug|Any CPU.Build.0 = Debug|Any CPU
		{2155A878-905E-4D7C-AF10-8DA0A518DD33}.Release|Any CPU.ActiveCfg = Release|Any CPU
		{2155A878-905E-4D7C-AF10-8DA0A518DD33}.Release|Any CPU.Build.0 = Release|Any CPU
	EndGlobalSection
	GlobalSection(SolutionProperties) = preSolution
		HideSolutionNode = FALSE
	EndGlobalSection
	GlobalSection(ExtensibilityGlobals) = postSolution
		SolutionGuid = {E7BA76D1-374C-4A84-8B3D-23024FC1EE6D}
	EndGlobalSection
EndGlobal
